
Microsoft Visual Studio Solution File, Format Version 12.00
# Visual Studio Version 17
VisualStudioVersion = 17.2.32505.173
MinimumVisualStudioVersion = 10.0.40219.1
Project("{FAE04EC0-301F-11D3-BF4B-00C04F79EFBC}") = "TestApp", "TestApp\TestApp.csproj", "{3641303F-3B97-4FD6-B8B1-B7E09019246D}"
EndProject
Global
	GlobalSection(SolutionConfigurationPlatforms) = preSolution
		Debug|Any CPU = Debug|Any CPU
		Release|Any CPU = Release|Any CPU
	EndGlobalSection
	GlobalSection(ProjectConfigurationPlatforms) = postSolution
		{3641303F-3B97-4FD6-B8B1-B7E09019246D}.Debug|Any CPU.ActiveCfg = Debug|Any CPU
		{3641303F-3B97-4FD6-B8B1-B7E09019246D}.Debug|Any CPU.Build.0 = Debug|Any CPU
		{3641303F-3B97-4FD6-B8B1-B7E09019246D}.Release|Any CPU.ActiveCfg = Release|Any CPU
		{3641303F-3B97-4FD6-B8B1-B7E09019246D}.Release|Any CPU.Build.0 = Release|Any CPU
	EndGlobalSection
	GlobalSection(SolutionProperties) = preSolution
		HideSolutionNode = FALSE
	EndGlobalSection
	GlobalSection(ExtensibilityGlobals) = postSolution
		SolutionGuid = {FAD44488-75EC-4CB2-99AF-D8348AD7FCB7}
	EndGlobalSection
EndGlobal
